
Microsoft Visual Studio Solution File, Format Version 12.00
# Visual Studio Version 17
VisualStudioVersion = 17.14.36414.22 d17.14
MinimumVisualStudioVersion = 10.0.40219.1
Project("{FAE04EC0-301F-11D3-BF4B-00C04F79EFBC}") = "Mine sweeper", "Mine sweeper.csproj", "{0127F0E6-8304-4CA1-B8DF-FDAE270A35D2}"
EndProject
Global
	GlobalSection(SolutionConfigurationPlatforms) = preSolution
		Debug|Any CPU = Debug|Any CPU
		Release|Any CPU = Release|Any CPU
	EndGlobalSection
	GlobalSection(ProjectConfigurationPlatforms) = postSolution
		{0127F0E6-8304-4CA1-B8DF-FDAE270A35D2}.Debug|Any CPU.ActiveCfg = Debug|Any CPU
		{0127F0E6-8304-4CA1-B8DF-FDAE270A35D2}.Debug|Any CPU.Build.0 = Debug|Any CPU
		{0127F0E6-8304-4CA1-B8DF-FDAE270A35D2}.Release|Any CPU.ActiveCfg = Release|Any CPU
		{0127F0E6-8304-4CA1-B8DF-FDAE270A35D2}.Release|Any CPU.Build.0 = Release|Any CPU
	EndGlobalSection
	GlobalSection(SolutionProperties) = preSolution
		HideSolutionNode = FALSE
	EndGlobalSection
	GlobalSection(ExtensibilityGlobals) = postSolution
		SolutionGuid = {DBAAB266-69D7-474D-8030-4739F2E212B0}
	EndGlobalSection
EndGlobal
